{
  "pins" : [
    {
      "identity" : "gpuimage3",
      "kind" : "remoteSourceControl",
      "location" : "https://github.com/BradLarson/GPUImage3.git",
      "state" : {
        "branch" : "master",
        "revision" : "222868e1ba4137a9934b2135635783ef7083eb4d"
      }
    }
  ],
  "version" : 2
}
